
Microsoft Visual Studio Solution File, Format Version 12.00
# Visual Studio Version 17
VisualStudioVersion = 17.7.34009.444
MinimumVisualStudioVersion = 10.0.40219.1
Project("{9A19103F-16F7-4668-BE54-9A1E7A4F7556}") = "n5now_i", "n5now_i\n5now_i.csproj", "{A56D8CAD-7DC4-4AB1-A386-26C27929E7B9}"
EndProject
Project("{FAE04EC0-301F-11D3-BF4B-00C04F79EFBC}") = "n5now_ii", "n5now_ii\n5now_ii.csproj", "{967D3F9C-EF0C-46E6-A9C3-5AEC229DD513}"
EndProject
Global
	GlobalSection(SolutionConfigurationPlatforms) = preSolution
		Debug|Any CPU = Debug|Any CPU
		Release|Any CPU = Release|Any CPU
	EndGlobalSection
	GlobalSection(ProjectConfigurationPlatforms) = postSolution
		{A56D8CAD-7DC4-4AB1-A386-26C27929E7B9}.Debug|Any CPU.ActiveCfg = Debug|Any CPU
		{A56D8CAD-7DC4-4AB1-A386-26C27929E7B9}.Debug|Any CPU.Build.0 = Debug|Any CPU
		{A56D8CAD-7DC4-4AB1-A386-26C27929E7B9}.Release|Any CPU.ActiveCfg = Release|Any CPU
		{A56D8CAD-7DC4-4AB1-A386-26C27929E7B9}.Release|Any CPU.Build.0 = Release|Any CPU
		{967D3F9C-EF0C-46E6-A9C3-5AEC229DD513}.Debug|Any CPU.ActiveCfg = Debug|Any CPU
		{967D3F9C-EF0C-46E6-A9C3-5AEC229DD513}.Debug|Any CPU.Build.0 = Debug|Any CPU
		{967D3F9C-EF0C-46E6-A9C3-5AEC229DD513}.Release|Any CPU.ActiveCfg = Release|Any CPU
		{967D3F9C-EF0C-46E6-A9C3-5AEC229DD513}.Release|Any CPU.Build.0 = Release|Any CPU
	EndGlobalSection
	GlobalSection(SolutionProperties) = preSolution
		HideSolutionNode = FALSE
	EndGlobalSection
	GlobalSection(ExtensibilityGlobals) = postSolution
		SolutionGuid = {48CD8EF1-7EBB-4609-A43F-D50151E94827}
	EndGlobalSection
EndGlobal
